// !$*UTF8*$!
{
	archiveVersion = 1;
	classes = {
	};
	objectVersion = 46;
	objects = {

/* Begin PBXBuildFile section */
		C32537131B9231780059F394 /* main.m in Sources */ = {isa = PBXBuildFile; fileRef = C32537121B9231780059F394 /* main.m */; };
		C32537161B9231780059F394 /* AppDelegate.m in Sources */ = {isa = PBXBuildFile; fileRef = C32537151B9231780059F394 /* AppDelegate.m */; };
		C325371C1B9231780059F394 /* Main.storyboard in Resources */ = {isa = PBXBuildFile; fileRef = C325371A1B9231780059F394 /* Main.storyboard */; };
		C325371E1B9231780059F394 /* Images.xcassets in Resources */ = {isa = PBXBuildFile; fileRef = C325371D1B9231780059F394 /* Images.xcassets */; };
		C32537211B9231780059F394 /* LaunchScreen.xib in Resources */ = {isa = PBXBuildFile; fileRef = C325371F1B9231780059F394 /* LaunchScreen.xib */; };
		C325372D1B9231780059F394 /* CheckBoxTests.m in Sources */ = {isa = PBXBuildFile; fileRef = C325372C1B9231780059F394 /* CheckBoxTests.m */; };
		C325373C1B9231FD0059F394 /* BEMCheckBox.m in Sources */ = {isa = PBXBuildFile; fileRef = C325373B1B9231FD0059F394 /* BEMCheckBox.m */; };
		C39F1AB71BAFEAA400E8A023 /* BEMMainViewController.m in Sources */ = {isa = PBXBuildFile; fileRef = C39F1AB61BAFEAA400E8A023 /* BEMMainViewController.m */; };
		C3DFB9BA1BBA475B00D2F8B4 /* AnimationManangerTests.m in Sources */ = {isa = PBXBuildFile; fileRef = C3DFB9B91BBA475B00D2F8B4 /* AnimationManangerTests.m */; settings = {ASSET_TAGS = (); }; };
		C3DFB9BD1BBD0E2800D2F8B4 /* BEMAnimationsTableViewController.m in Sources */ = {isa = PBXBuildFile; fileRef = C3DFB9BC1BBD0E2800D2F8B4 /* BEMAnimationsTableViewController.m */; settings = {ASSET_TAGS = (); }; };
		C3E594901BC220C7005EA38B /* BEMCurrentSetupTableViewController.m in Sources */ = {isa = PBXBuildFile; fileRef = C3E5948F1BC220C7005EA38B /* BEMCurrentSetupTableViewController.m */; settings = {ASSET_TAGS = (); }; };
		C3E837AA1BAE3493004576D6 /* BEMAnimationManager.m in Sources */ = {isa = PBXBuildFile; fileRef = C3E837A91BAE3493004576D6 /* BEMAnimationManager.m */; };
		C3E837AD1BAE35D8004576D6 /* BEMPathManager.m in Sources */ = {isa = PBXBuildFile; fileRef = C3E837AC1BAE35D8004576D6 /* BEMPathManager.m */; };
/* End PBXBuildFile section */

/* Begin PBXContainerItemProxy section */
		C32537271B9231780059F394 /* PBXContainerItemProxy */ = {
			isa = PBXContainerItemProxy;
			containerPortal = C32537051B9231780059F394 /* Project object */;
			proxyType = 1;
			remoteGlobalIDString = C325370C1B9231780059F394;
			remoteInfo = CheckBox;
		};
/* End PBXContainerItemProxy section */

/* Begin PBXFileReference section */
		C325370D1B9231780059F394 /* CheckBox.app */ = {isa = PBXFileReference; explicitFileType = wrapper.application; includeInIndex = 0; path = CheckBox.app; sourceTree = BUILT_PRODUCTS_DIR; };
		C32537111B9231780059F394 /* Info.plist */ = {isa = PBXFileReference; lastKnownFileType = text.plist.xml; path = Info.plist; sourceTree = "<group>"; };
		C32537121B9231780059F394 /* main.m */ = {isa = PBXFileReference; lastKnownFileType = sourcecode.c.objc; path = main.m; sourceTree = "<group>"; };
		C32537141B9231780059F394 /* AppDelegate.h */ = {isa = PBXFileReference; lastKnownFileType = sourcecode.c.h; path = AppDelegate.h; sourceTree = "<group>"; };
		C32537151B9231780059F394 /* AppDelegate.m */ = {isa = PBXFileReference; lastKnownFileType = sourcecode.c.objc; path = AppDelegate.m; sourceTree = "<group>"; };
		C325371B1B9231780059F394 /* Base */ = {isa = PBXFileReference; lastKnownFileType = file.storyboard; name = Base; path = Base.lproj/Main.storyboard; sourceTree = "<group>"; };
		C325371D1B9231780059F394 /* Images.xcassets */ = {isa = PBXFileReference; lastKnownFileType = folder.assetcatalog; path = Images.xcassets; sourceTree = "<group>"; };
		C32537201B9231780059F394 /* Base */ = {isa = PBXFileReference; lastKnownFileType = file.xib; name = Base; path = Base.lproj/LaunchScreen.xib; sourceTree = "<group>"; };
		C32537261B9231780059F394 /* CheckBoxTests.xctest */ = {isa = PBXFileReference; explicitFileType = wrapper.cfbundle; includeInIndex = 0; path = CheckBoxTests.xctest; sourceTree = BUILT_PRODUCTS_DIR; };
		C325372B1B9231780059F394 /* Info.plist */ = {isa = PBXFileReference; lastKnownFileType = text.plist.xml; path = Info.plist; sourceTree = "<group>"; };
		C325372C1B9231780059F394 /* CheckBoxTests.m */ = {isa = PBXFileReference; lastKnownFileType = sourcecode.c.objc; path = CheckBoxTests.m; sourceTree = "<group>"; };
		C325373A1B9231FD0059F394 /* BEMCheckBox.h */ = {isa = PBXFileReference; fileEncoding = 4; lastKnownFileType = sourcecode.c.h; name = BEMCheckBox.h; path = ../Classes/BEMCheckBox.h; sourceTree = "<group>"; };
		C325373B1B9231FD0059F394 /* BEMCheckBox.m */ = {isa = PBXFileReference; fileEncoding = 4; lastKnownFileType = sourcecode.c.objc; name = BEMCheckBox.m; path = ../Classes/BEMCheckBox.m; sourceTree = "<group>"; };
		C39F1AB51BAFEAA400E8A023 /* BEMMainViewController.h */ = {isa = PBXFileReference; fileEncoding = 4; lastKnownFileType = sourcecode.c.h; path = BEMMainViewController.h; sourceTree = "<group>"; };
		C39F1AB61BAFEAA400E8A023 /* BEMMainViewController.m */ = {isa = PBXFileReference; fileEncoding = 4; lastKnownFileType = sourcecode.c.objc; path = BEMMainViewController.m; sourceTree = "<group>"; };
		C3DFB9B91BBA475B00D2F8B4 /* AnimationManangerTests.m */ = {isa = PBXFileReference; fileEncoding = 4; lastKnownFileType = sourcecode.c.objc; path = AnimationManangerTests.m; sourceTree = "<group>"; };
		C3DFB9BB1BBD0E2800D2F8B4 /* BEMAnimationsTableViewController.h */ = {isa = PBXFileReference; fileEncoding = 4; lastKnownFileType = sourcecode.c.h; path = BEMAnimationsTableViewController.h; sourceTree = "<group>"; };
		C3DFB9BC1BBD0E2800D2F8B4 /* BEMAnimationsTableViewController.m */ = {isa = PBXFileReference; fileEncoding = 4; lastKnownFileType = sourcecode.c.objc; path = BEMAnimationsTableViewController.m; sourceTree = "<group>"; };
		C3E5948E1BC220C7005EA38B /* BEMCurrentSetupTableViewController.h */ = {isa = PBXFileReference; fileEncoding = 4; lastKnownFileType = sourcecode.c.h; path = BEMCurrentSetupTableViewController.h; sourceTree = "<group>"; };
		C3E5948F1BC220C7005EA38B /* BEMCurrentSetupTableViewController.m */ = {isa = PBXFileReference; fileEncoding = 4; lastKnownFileType = sourcecode.c.objc; path = BEMCurrentSetupTableViewController.m; sourceTree = "<group>"; };
		C3E837A81BAE3493004576D6 /* BEMAnimationManager.h */ = {isa = PBXFileReference; fileEncoding = 4; lastKnownFileType = sourcecode.c.h; name = BEMAnimationManager.h; path = ../Classes/BEMAnimationManager.h; sourceTree = "<group>"; };
		C3E837A91BAE3493004576D6 /* BEMAnimationManager.m */ = {isa = PBXFileReference; fileEncoding = 4; lastKnownFileType = sourcecode.c.objc; name = BEMAnimationManager.m; path = ../Classes/BEMAnimationManager.m; sourceTree = "<group>"; };
		C3E837AB1BAE35D8004576D6 /* BEMPathManager.h */ = {isa = PBXFileReference; fileEncoding = 4; lastKnownFileType = sourcecode.c.h; name = BEMPathManager.h; path = ../Classes/BEMPathManager.h; sourceTree = "<group>"; };
		C3E837AC1BAE35D8004576D6 /* BEMPathManager.m */ = {isa = PBXFileReference; fileEncoding = 4; lastKnownFileType = sourcecode.c.objc; name = BEMPathManager.m; path = ../Classes/BEMPathManager.m; sourceTree = "<group>"; };
/* End PBXFileReference section */

/* Begin PBXFrameworksBuildPhase section */
		C325370A1B9231780059F394 /* Frameworks */ = {
			isa = PBXFrameworksBuildPhase;
			buildActionMask = 2147483647;
			files = (
			);
			runOnlyForDeploymentPostprocessing = 0;
		};
		C32537231B9231780059F394 /* Frameworks */ = {
			isa = PBXFrameworksBuildPhase;
			buildActionMask = 2147483647;
			files = (
			);
			runOnlyForDeploymentPostprocessing = 0;
		};
/* End PBXFrameworksBuildPhase section */

/* Begin PBXGroup section */
		C32537041B9231780059F394 = {
			isa = PBXGroup;
			children = (
				C32537361B92318C0059F394 /* Classes */,
				C325370F1B9231780059F394 /* CheckBox */,
				C32537291B9231780059F394 /* CheckBoxTests */,
				C325370E1B9231780059F394 /* Products */,
			);
			sourceTree = "<group>";
		};
		C325370E1B9231780059F394 /* Products */ = {
			isa = PBXGroup;
			children = (
				C325370D1B9231780059F394 /* CheckBox.app */,
				C32537261B9231780059F394 /* CheckBoxTests.xctest */,
			);
			name = Products;
			sourceTree = "<group>";
		};
		C325370F1B9231780059F394 /* CheckBox */ = {
			isa = PBXGroup;
			children = (
				C32537141B9231780059F394 /* AppDelegate.h */,
				C32537151B9231780059F394 /* AppDelegate.m */,
				C325371A1B9231780059F394 /* Main.storyboard */,
				C39F1AB51BAFEAA400E8A023 /* BEMMainViewController.h */,
				C39F1AB61BAFEAA400E8A023 /* BEMMainViewController.m */,
				C3DFB9BB1BBD0E2800D2F8B4 /* BEMAnimationsTableViewController.h */,
				C3DFB9BC1BBD0E2800D2F8B4 /* BEMAnimationsTableViewController.m */,
				C3E5948E1BC220C7005EA38B /* BEMCurrentSetupTableViewController.h */,
				C3E5948F1BC220C7005EA38B /* BEMCurrentSetupTableViewController.m */,
				C325371D1B9231780059F394 /* Images.xcassets */,
				C325371F1B9231780059F394 /* LaunchScreen.xib */,
				C32537101B9231780059F394 /* Supporting Files */,
			);
			path = CheckBox;
			sourceTree = "<group>";
		};
		C32537101B9231780059F394 /* Supporting Files */ = {
			isa = PBXGroup;
			children = (
				C32537111B9231780059F394 /* Info.plist */,
				C32537121B9231780059F394 /* main.m */,
			);
			name = "Supporting Files";
			sourceTree = "<group>";
		};
		C32537291B9231780059F394 /* CheckBoxTests */ = {
			isa = PBXGroup;
			children = (
				C325372C1B9231780059F394 /* CheckBoxTests.m */,
				C3DFB9B91BBA475B00D2F8B4 /* AnimationManangerTests.m */,
				C325372A1B9231780059F394 /* Supporting Files */,
			);
			path = CheckBoxTests;
			sourceTree = "<group>";
		};
		C325372A1B9231780059F394 /* Supporting Files */ = {
			isa = PBXGroup;
			children = (
				C325372B1B9231780059F394 /* Info.plist */,
			);
			name = "Supporting Files";
			sourceTree = "<group>";
		};
		C32537361B92318C0059F394 /* Classes */ = {
			isa = PBXGroup;
			children = (
				C325373A1B9231FD0059F394 /* BEMCheckBox.h */,
				C325373B1B9231FD0059F394 /* BEMCheckBox.m */,
				C3E837A81BAE3493004576D6 /* BEMAnimationManager.h */,
				C3E837A91BAE3493004576D6 /* BEMAnimationManager.m */,
				C3E837AB1BAE35D8004576D6 /* BEMPathManager.h */,
				C3E837AC1BAE35D8004576D6 /* BEMPathManager.m */,
			);
			name = Classes;
			sourceTree = "<group>";
		};
/* End PBXGroup section */

/* Begin PBXNativeTarget section */
		C325370C1B9231780059F394 /* CheckBox */ = {
			isa = PBXNativeTarget;
			buildConfigurationList = C32537301B9231780059F394 /* Build configuration list for PBXNativeTarget "CheckBox" */;
			buildPhases = (
				C32537091B9231780059F394 /* Sources */,
				C325370A1B9231780059F394 /* Frameworks */,
				C325370B1B9231780059F394 /* Resources */,
			);
			buildRules = (
			);
			dependencies = (
			);
			name = CheckBox;
			productName = CheckBox;
			productReference = C325370D1B9231780059F394 /* CheckBox.app */;
			productType = "com.apple.product-type.application";
		};
		C32537251B9231780059F394 /* CheckBoxTests */ = {
			isa = PBXNativeTarget;
			buildConfigurationList = C32537331B9231780059F394 /* Build configuration list for PBXNativeTarget "CheckBoxTests" */;
			buildPhases = (
				C32537221B9231780059F394 /* Sources */,
				C32537231B9231780059F394 /* Frameworks */,
				C32537241B9231780059F394 /* Resources */,
			);
			buildRules = (
			);
			dependencies = (
				C32537281B9231780059F394 /* PBXTargetDependency */,
			);
			name = CheckBoxTests;
			productName = CheckBoxTests;
			productReference = C32537261B9231780059F394 /* CheckBoxTests.xctest */;
			productType = "com.apple.product-type.bundle.unit-test";
		};
/* End PBXNativeTarget section */

/* Begin PBXProject section */
		C32537051B9231780059F394 /* Project object */ = {
			isa = PBXProject;
			attributes = {
				LastUpgradeCheck = 0700;
				ORGANIZATIONNAME = "Boris Emorine";
				TargetAttributes = {
					C325370C1B9231780059F394 = {
						CreatedOnToolsVersion = 6.4;
					};
					C32537251B9231780059F394 = {
						CreatedOnToolsVersion = 6.4;
						TestTargetID = C325370C1B9231780059F394;
					};
				};
			};
			buildConfigurationList = C32537081B9231780059F394 /* Build configuration list for PBXProject "CheckBox" */;
			compatibilityVersion = "Xcode 3.2";
			developmentRegion = English;
			hasScannedForEncodings = 0;
			knownRegions = (
				en,
				Base,
			);
			mainGroup = C32537041B9231780059F394;
			productRefGroup = C325370E1B9231780059F394 /* Products */;
			projectDirPath = "";
			projectRoot = "";
			targets = (
				C325370C1B9231780059F394 /* CheckBox */,
				C32537251B9231780059F394 /* CheckBoxTests */,
			);
		};
/* End PBXProject section */

/* Begin PBXResourcesBuildPhase section */
		C325370B1B9231780059F394 /* Resources */ = {
			isa = PBXResourcesBuildPhase;
			buildActionMask = 2147483647;
			files = (
				C325371C1B9231780059F394 /* Main.storyboard in Resources */,
				C32537211B9231780059F394 /* LaunchScreen.xib in Resources */,
				C325371E1B9231780059F394 /* Images.xcassets in Resources */,
			);
			runOnlyForDeploymentPostprocessing = 0;
		};
		C32537241B9231780059F394 /* Resources */ = {
			isa = PBXResourcesBuildPhase;
			buildActionMask = 2147483647;
			files = (
			);
			runOnlyForDeploymentPostprocessing = 0;
		};
/* End PBXResourcesBuildPhase section */

/* Begin PBXSourcesBuildPhase section */
		C32537091B9231780059F394 /* Sources */ = {
			isa = PBXSourcesBuildPhase;
			buildActionMask = 2147483647;
			files = (
				C3E837AD1BAE35D8004576D6 /* BEMPathManager.m in Sources */,
				C39F1AB71BAFEAA400E8A023 /* BEMMainViewController.m in Sources */,
				C3DFB9BD1BBD0E2800D2F8B4 /* BEMAnimationsTableViewController.m in Sources */,
				C32537161B9231780059F394 /* AppDelegate.m in Sources */,
				C32537131B9231780059F394 /* main.m in Sources */,
				C325373C1B9231FD0059F394 /* BEMCheckBox.m in Sources */,
				C3E594901BC220C7005EA38B /* BEMCurrentSetupTableViewController.m in Sources */,
				C3E837AA1BAE3493004576D6 /* BEMAnimationManager.m in Sources */,
			);
			runOnlyForDeploymentPostprocessing = 0;
		};
		C32537221B9231780059F394 /* Sources */ = {
			isa = PBXSourcesBuildPhase;
			buildActionMask = 2147483647;
			files = (
				C325372D1B9231780059F394 /* CheckBoxTests.m in Sources */,
				C3DFB9BA1BBA475B00D2F8B4 /* AnimationManangerTests.m in Sources */,
			);
			runOnlyForDeploymentPostprocessing = 0;
		};
/* End PBXSourcesBuildPhase section */

/* Begin PBXTargetDependency section */
		C32537281B9231780059F394 /* PBXTargetDependency */ = {
			isa = PBXTargetDependency;
			target = C325370C1B9231780059F394 /* CheckBox */;
			targetProxy = C32537271B9231780059F394 /* PBXContainerItemProxy */;
		};
/* End PBXTargetDependency section */

/* Begin PBXVariantGroup section */
		C325371A1B9231780059F394 /* Main.storyboard */ = {
			isa = PBXVariantGroup;
			children = (
				C325371B1B9231780059F394 /* Base */,
			);
			name = Main.storyboard;
			sourceTree = "<group>";
		};
		C325371F1B9231780059F394 /* LaunchScreen.xib */ = {
			isa = PBXVariantGroup;
			children = (
				C32537201B9231780059F394 /* Base */,
			);
			name = LaunchScreen.xib;
			sourceTree = "<group>";
		};
/* End PBXVariantGroup section */

/* Begin XCBuildConfiguration section */
		C325372E1B9231780059F394 /* Debug */ = {
			isa = XCBuildConfiguration;
			buildSettings = {
				ALWAYS_SEARCH_USER_PATHS = NO;
				CLANG_CXX_LANGUAGE_STANDARD = "gnu++0x";
				CLANG_CXX_LIBRARY = "libc++";
				CLANG_ENABLE_MODULES = YES;
				CLANG_ENABLE_OBJC_ARC = YES;
				CLANG_WARN_BOOL_CONVERSION = YES;
				CLANG_WARN_CONSTANT_CONVERSION = YES;
				CLANG_WARN_DIRECT_OBJC_ISA_USAGE = YES_ERROR;
				CLANG_WARN_EMPTY_BODY = YES;
				CLANG_WARN_ENUM_CONVERSION = YES;
				CLANG_WARN_INT_CONVERSION = YES;
				CLANG_WARN_OBJC_ROOT_CLASS = YES_ERROR;
				CLANG_WARN_UNREACHABLE_CODE = YES;
				CLANG_WARN__DUPLICATE_METHOD_MATCH = YES;
				"CODE_SIGN_IDENTITY[sdk=iphoneos*]" = "iPhone Developer";
				COPY_PHASE_STRIP = NO;
				DEBUG_INFORMATION_FORMAT = "dwarf-with-dsym";
				ENABLE_STRICT_OBJC_MSGSEND = YES;
				ENABLE_TESTABILITY = YES;
				GCC_C_LANGUAGE_STANDARD = gnu99;
				GCC_DYNAMIC_NO_PIC = NO;
				GCC_NO_COMMON_BLOCKS = YES;
				GCC_OPTIMIZATION_LEVEL = 0;
				GCC_PREPROCESSOR_DEFINITIONS = (
					"DEBUG=1",
					"$(inherited)",
				);
				GCC_SYMBOLS_PRIVATE_EXTERN = NO;
				GCC_WARN_64_TO_32_BIT_CONVERSION = YES;
				GCC_WARN_ABOUT_RETURN_TYPE = YES_ERROR;
				GCC_WARN_UNDECLARED_SELECTOR = YES;
				GCC_WARN_UNINITIALIZED_AUTOS = YES_AGGRESSIVE;
				GCC_WARN_UNUSED_FUNCTION = YES;
				GCC_WARN_UNUSED_VARIABLE = YES;
				IPHONEOS_DEPLOYMENT_TARGET = 8.4;
				MTL_ENABLE_DEBUG_INFO = YES;
				ONLY_ACTIVE_ARCH = YES;
				SDKROOT = iphoneos;
			};
			name = Debug;
		};
		C325372F1B9231780059F394 /* Release */ = {
			isa = XCBuildConfiguration;
			buildSettings = {
				ALWAYS_SEARCH_USER_PATHS = NO;
				CLANG_CXX_LANGUAGE_STANDARD = "gnu++0x";
				CLANG_CXX_LIBRARY = "libc++";
				CLANG_ENABLE_MODULES = YES;
				CLANG_ENABLE_OBJC_ARC = YES;
				CLANG_WARN_BOOL_CONVERSION = YES;
				CLANG_WARN_CONSTANT_CONVERSION = YES;
				CLANG_WARN_DIRECT_OBJC_ISA_USAGE = YES_ERROR;
				CLANG_WARN_EMPTY_BODY = YES;
				CLANG_WARN_ENUM_CONVERSION = YES;
				CLANG_WARN_INT_CONVERSION = YES;
				CLANG_WARN_OBJC_ROOT_CLASS = YES_ERROR;
				CLANG_WARN_UNREACHABLE_CODE = YES;
				CLANG_WARN__DUPLICATE_METHOD_MATCH = YES;
				"CODE_SIGN_IDENTITY[sdk=iphoneos*]" = "iPhone Developer";
				COPY_PHASE_STRIP = NO;
				DEBUG_INFORMATION_FORMAT = "dwarf-with-dsym";
				ENABLE_NS_ASSERTIONS = NO;
				ENABLE_STRICT_OBJC_MSGSEND = YES;
				GCC_C_LANGUAGE_STANDARD = gnu99;
				GCC_NO_COMMON_BLOCKS = YES;
				GCC_WARN_64_TO_32_BIT_CONVERSION = YES;
				GCC_WARN_ABOUT_RETURN_TYPE = YES_ERROR;
				GCC_WARN_UNDECLARED_SELECTOR = YES;
				GCC_WARN_UNINITIALIZED_AUTOS = YES_AGGRESSIVE;
				GCC_WARN_UNUSED_FUNCTION = YES;
				GCC_WARN_UNUSED_VARIABLE = YES;
				IPHONEOS_DEPLOYMENT_TARGET = 8.4;
				MTL_ENABLE_DEBUG_INFO = NO;
				SDKROOT = iphoneos;
				VALIDATE_PRODUCT = YES;
			};
			name = Release;
		};
		C32537311B9231780059F394 /* Debug */ = {
			isa = XCBuildConfiguration;
			buildSettings = {
				ASSETCATALOG_COMPILER_APPICON_NAME = AppIcon;
				INFOPLIST_FILE = CheckBox/Info.plist;
				LD_RUNPATH_SEARCH_PATHS = "$(inherited) @executable_path/Frameworks";
				PRODUCT_BUNDLE_IDENTIFIER = "BEM.$(PRODUCT_NAME:rfc1034identifier)";
				PRODUCT_NAME = "$(TARGET_NAME)";
			};
			name = Debug;
		};
		C32537321B9231780059F394 /* Release */ = {
			isa = XCBuildConfiguration;
			buildSettings = {
				ASSETCATALOG_COMPILER_APPICON_NAME = AppIcon;
				INFOPLIST_FILE = CheckBox/Info.plist;
				LD_RUNPATH_SEARCH_PATHS = "$(inherited) @executable_path/Frameworks";
				PRODUCT_BUNDLE_IDENTIFIER = "BEM.$(PRODUCT_NAME:rfc1034identifier)";
				PRODUCT_NAME = "$(TARGET_NAME)";
			};
			name = Release;
		};
		C32537341B9231780059F394 /* Debug */ = {
			isa = XCBuildConfiguration;
			buildSettings = {
				BUNDLE_LOADER = "$(TEST_HOST)";
				GCC_PREPROCESSOR_DEFINITIONS = (
					"DEBUG=1",
					"$(inherited)",
				);
				INFOPLIST_FILE = CheckBoxTests/Info.plist;
				LD_RUNPATH_SEARCH_PATHS = "$(inherited) @executable_path/Frameworks @loader_path/Frameworks";
				PRODUCT_BUNDLE_IDENTIFIER = "BEM.$(PRODUCT_NAME:rfc1034identifier)";
				PRODUCT_NAME = "$(TARGET_NAME)";
				TEST_HOST = "$(BUILT_PRODUCTS_DIR)/CheckBox.app/CheckBox";
			};
			name = Debug;
		};
		C32537351B9231780059F394 /* Release */ = {
			isa = XCBuildConfiguration;
			buildSettings = {
				BUNDLE_LOADER = "$(TEST_HOST)";
				INFOPLIST_FILE = CheckBoxTests/Info.plist;
				LD_RUNPATH_SEARCH_PATHS = "$(inherited) @executable_path/Frameworks @loader_path/Frameworks";
				PRODUCT_BUNDLE_IDENTIFIER = "BEM.$(PRODUCT_NAME:rfc1034identifier)";
				PRODUCT_NAME = "$(TARGET_NAME)";
				TEST_HOST = "$(BUILT_PRODUCTS_DIR)/CheckBox.app/CheckBox";
			};
			name = Release;
		};
/* End XCBuildConfiguration section */

/* Begin XCConfigurationList section */
		C32537081B9231780059F394 /* Build configuration list for PBXProject "CheckBox" */ = {
			isa = XCConfigurationList;
			buildConfigurations = (
				C325372E1B9231780059F394 /* Debug */,
				C325372F1B9231780059F394 /* Release */,
			);
			defaultConfigurationIsVisible = 0;
			defaultConfigurationName = Release;
		};
		C32537301B9231780059F394 /* Build configuration list for PBXNativeTarget "CheckBox" */ = {
			isa = XCConfigurationList;
			buildConfigurations = (
				C32537311B9231780059F394 /* Debug */,
				C32537321B9231780059F394 /* Release */,
			);
			defaultConfigurationIsVisible = 0;
			defaultConfigurationName = Release;
		};
		C32537331B9231780059F394 /* Build configuration list for PBXNativeTarget "CheckBoxTests" */ = {
			isa = XCConfigurationList;
			buildConfigurations = (
				C32537341B9231780059F394 /* Debug */,
				C32537351B9231780059F394 /* Release */,
			);
			defaultConfigurationIsVisible = 0;
			defaultConfigurationName = Release;
		};
/* End XCConfigurationList section */
	};
	rootObject = C32537051B9231780059F394 /* Project object */;
}
